{
  "requires": true,
  "lockfileVersion": 1,
  "dependencies": {
    "argparse": {
      "version": "1.0.10",
      "resolved": "http://registry.m.jd.com/argparse/download/argparse-1.0.10.tgz",
      "integrity": "sha1-vNZ5HqWuCXJeF+WtmIE0zUCz2RE=",
      "requires": {
        "sprintf-js": "~1.0.2"
      }
    },
    "esprima": {
      "version": "4.0.1",
      "resolved": "http://registry.m.jd.com/esprima/download/esprima-4.0.1.tgz",
      "integrity": "sha1-E7BM2z5sXRnfkatph6hpVhmwqnE="
    },
    "extend-shallow": {
      "version": "2.0.1",
      "resolved": "http://registry.m.jd.com/extend-shallow/download/extend-shallow-2.0.1.tgz",
      "integrity": "sha1-Ua99YUrZqfYQ6huvu5idaxxWiQ8=",
      "requires": {
        "is-extendable": "^0.1.0"
      }
    },
    "gray-matter": {
      "version": "4.0.3",
      "resolved": "http://registry.m.jd.com/gray-matter/download/gray-matter-4.0.3.tgz",
      "integrity": "sha1-6JPAZIJd5z6h9ffYjHqfcnQoh5g=",
      "requires": {
        "js-yaml": "^3.13.1",
        "kind-of": "^6.0.2",
        "section-matter": "^1.0.0",
        "strip-bom-string": "^1.0.0"
      }
    },
    "is-extendable": {
      "version": "0.1.1",
      "resolved": "http://registry.m.jd.com/is-extendable/download/is-extendable-0.1.1.tgz",
      "integrity": "sha1-YrEQ4omkcUGOPsNqYX1HLjAd/Ik="
    },
    "js-tokens": {
      "version": "4.0.0",
      "resolved": "http://registry.m.jd.com/js-tokens/download/js-tokens-4.0.0.tgz",
      "integrity": "sha1-GSA/tZmR35jjoocFDUZHzerzJJk="
    },
    "js-yaml": {
      "version": "3.14.1",
      "resolved": "http://registry.m.jd.com/js-yaml/download/js-yaml-3.14.1.tgz",
      "integrity": "sha1-2ugS/bOCX6MGYJqHFzg8UMNqBTc=",
      "requires": {
        "argparse": "^1.0.7",
        "esprima": "^4.0.0"
      }
    },
    "kind-of": {
      "version": "6.0.3",
      "resolved": "http://registry.m.jd.com/kind-of/download/kind-of-6.0.3.tgz",
      "integrity": "sha1-B8BQNKbDSfoG4k+jWqdttFgM5N0="
    },
    "loose-envify": {
      "version": "1.4.0",
      "resolved": "http://registry.m.jd.com/loose-envify/download/loose-envify-1.4.0.tgz",
      "integrity": "sha1-ce5R+nvkyuwaY4OffmgtgTLTDK8=",
      "requires": {
        "js-tokens": "^3.0.0 || ^4.0.0"
      }
    },
    "react": {
      "version": "18.2.0",
      "requires": {
        "loose-envify": "^1.1.0"
      }
    },
    "react-dom": {
      "version": "18.2.0",
      "requires": {
        "loose-envify": "^1.1.0",
        "scheduler": "^0.23.0"
      }
    },
    "scheduler": {
      "version": "0.23.0",
      "resolved": "http://registry.m.jd.com/scheduler/download/scheduler-0.23.0.tgz",
      "integrity": "sha1-uoBBr8PTDrIGpIe2s4QALk5h/f4=",
      "requires": {
        "loose-envify": "^1.1.0"
      }
    },
    "section-matter": {
      "version": "1.0.0",
      "resolved": "http://registry.m.jd.com/section-matter/download/section-matter-1.0.0.tgz",
      "integrity": "sha1-6QQZU1BngOwB1Z8pKhnHuFC4QWc=",
      "requires": {
        "extend-shallow": "^2.0.1",
        "kind-of": "^6.0.0"
      }
    },
    "sprintf-js": {
      "version": "1.0.3",
      "resolved": "http://registry.m.jd.com/sprintf-js/download/sprintf-js-1.0.3.tgz",
      "integrity": "sha1-BOaSb2YolTVPPdAVIDYzuFcpfiw="
    },
    "strip-bom-string": {
      "version": "1.0.0",
      "resolved": "http://registry.m.jd.com/strip-bom-string/download/strip-bom-string-1.0.0.tgz",
      "integrity": "sha1-5SEekiQ2n7uB1jOi8ABE3IztrZI="
    },
    "@next/swc-darwin-arm64": {
      "version": "14.0.1",
      "resolved": "https://registry.npmjs.org/@next/swc-darwin-arm64/-/swc-darwin-arm64-14.0.1.tgz",
      "integrity": "sha512-JyxnGCS4qT67hdOKQ0CkgFTp+PXub5W1wsGvIq98TNbF3YEIN7iDekYhYsZzc8Ov0pWEsghQt+tANdidITCLaw==",
      "optional": true
    },
    "@next/swc-darwin-x64": {
      "version": "14.0.1",
      "resolved": "https://registry.npmjs.org/@next/swc-darwin-x64/-/swc-darwin-x64-14.0.1.tgz",
      "integrity": "sha512-625Z7bb5AyIzswF9hvfZWa+HTwFZw+Jn3lOBNZB87lUS0iuCYDHqk3ujuHCkiyPtSC0xFBtYDLcrZ11mF/ap3w==",
      "optional": true
    },
    "@next/swc-linux-arm64-gnu": {
      "version": "14.0.1",
      "resolved": "https://registry.npmjs.org/@next/swc-linux-arm64-gnu/-/swc-linux-arm64-gnu-14.0.1.tgz",
      "integrity": "sha512-iVpn3KG3DprFXzVHM09kvb//4CNNXBQ9NB/pTm8LO+vnnnaObnzFdS5KM+w1okwa32xH0g8EvZIhoB3fI3mS1g==",
      "optional": true
    },
    "@next/swc-linux-arm64-musl": {
      "version": "14.0.1",
      "resolved": "https://registry.npmjs.org/@next/swc-linux-arm64-musl/-/swc-linux-arm64-musl-14.0.1.tgz",
      "integrity": "sha512-mVsGyMxTLWZXyD5sen6kGOTYVOO67lZjLApIj/JsTEEohDDt1im2nkspzfV5MvhfS7diDw6Rp/xvAQaWZTv1Ww==",
      "optional": true
    },
    "@next/swc-linux-x64-gnu": {
      "version": "14.0.1",
      "resolved": "https://registry.npmjs.org/@next/swc-linux-x64-gnu/-/swc-linux-x64-gnu-14.0.1.tgz",
      "integrity": "sha512-wMqf90uDWN001NqCM/auRl3+qVVeKfjJdT9XW+RMIOf+rhUzadmYJu++tp2y+hUbb6GTRhT+VjQzcgg/QTD9NQ==",
      "optional": true
    },
    "@next/swc-linux-x64-musl": {
      "version": "14.0.1",
      "resolved": "https://registry.npmjs.org/@next/swc-linux-x64-musl/-/swc-linux-x64-musl-14.0.1.tgz",
      "integrity": "sha512-ol1X1e24w4j4QwdeNjfX0f+Nza25n+ymY0T2frTyalVczUmzkVD7QGgPTZMHfR1aLrO69hBs0G3QBYaj22J5GQ==",
      "optional": true
    },
    "@next/swc-win32-arm64-msvc": {
      "version": "14.0.1",
      "resolved": "https://registry.npmjs.org/@next/swc-win32-arm64-msvc/-/swc-win32-arm64-msvc-14.0.1.tgz",
      "integrity": "sha512-WEmTEeWs6yRUEnUlahTgvZteh5RJc4sEjCQIodJlZZ5/VJwVP8p2L7l6VhzQhT4h7KvLx/Ed4UViBdne6zpIsw==",
      "optional": true
    },
    "@next/swc-win32-ia32-msvc": {
      "version": "14.0.1",
      "resolved": "https://registry.npmjs.org/@next/swc-win32-ia32-msvc/-/swc-win32-ia32-msvc-14.0.1.tgz",
      "integrity": "sha512-oFpHphN4ygAgZUKjzga7SoH2VGbEJXZa/KL8bHCAwCjDWle6R1SpiGOdUdA8EJ9YsG1TYWpzY6FTbUA+iAJeww==",
      "optional": true
    },
    "@next/swc-win32-x64-msvc": {
      "version": "14.0.1",
      "resolved": "https://registry.npmjs.org/@next/swc-win32-x64-msvc/-/swc-win32-x64-msvc-14.0.1.tgz",
      "integrity": "sha512-FFp3nOJ/5qSpeWT0BZQ+YE1pSMk4IMpkME/1DwKBwhg4mJLB9L+6EXuJi4JEwaJdl5iN+UUlmUD3IsR1kx5fAg==",
      "optional": true
    }
  }
}
